
Microsoft Visual Studio Solution File, Format Version 12.00
# Visual Studio Version 17
VisualStudioVersion = 17.2.32616.157
MinimumVisualStudioVersion = 10.0.40219.1
Project("{FAE04EC0-301F-11D3-BF4B-00C04F79EFBC}") = "MyFirstProjectC", "MyFirstProjectC\MyFirstProjectC.csproj", "{2417DC92-8FF2-4FE9-B21D-3B323892E0AC}"
EndProject
Global
	GlobalSection(SolutionConfigurationPlatforms) = preSolution
		Debug|Any CPU = Debug|Any CPU
		Release|Any CPU = Release|Any CPU
	EndGlobalSection
	GlobalSection(ProjectConfigurationPlatforms) = postSolution
		{2417DC92-8FF2-4FE9-B21D-3B323892E0AC}.Debug|Any CPU.ActiveCfg = Debug|Any CPU
		{2417DC92-8FF2-4FE9-B21D-3B323892E0AC}.Debug|Any CPU.Build.0 = Debug|Any CPU
		{2417DC92-8FF2-4FE9-B21D-3B323892E0AC}.Release|Any CPU.ActiveCfg = Release|Any CPU
		{2417DC92-8FF2-4FE9-B21D-3B323892E0AC}.Release|Any CPU.Build.0 = Release|Any CPU
	EndGlobalSection
	GlobalSection(SolutionProperties) = preSolution
		HideSolutionNode = FALSE
	EndGlobalSection
	GlobalSection(ExtensibilityGlobals) = postSolution
		SolutionGuid = {DE31B95B-ECA8-42A9-9821-BE4F7E814D62}
	EndGlobalSection
EndGlobal
